<?xml version="1.0" encoding="utf-8"?>
<Project ToolsVersion="4.0" xmlns="http://schemas.microsoft.com/developer/msbuild/2003">
  <ItemGroup>
    <Filter Include="Core">
      <UniqueIdentifier>{2EB4837C-1AEB-840D-C3D7-6A10AFED000F}</UniqueIdentifier>
    </Filter>
    <Filter Include="Core\Concurrency">
      <UniqueIdentifier>{88D5CBBE-74CE-EA10-9D00-D0958958CA1C}</UniqueIdentifier>
    </Filter>
    <Filter Include="Renderer">
      <UniqueIdentifier>{7CCE658F-689B-C09A-91B4-AE427DE0F528}</UniqueIdentifier>
    </Filter>
  </ItemGroup>
  <ItemGroup>
    <ClInclude Include="Source\Core\Application.h">
      <Filter>Core</Filter>
    </ClInclude>
    <ClInclude Include="Source\Core\Concurrency\LockFreeQueue.h">
      <Filter>Core\Concurrency</Filter>
    </ClInclude>
    <ClInclude Include="Source\Core\EntryPoint.h">
      <Filter>Core</Filter>
    </ClInclude>
    <ClInclude Include="Source\Core\Log.h">
      <Filter>Core</Filter>
    </ClInclude>
    <ClInclude Include="Source\Core\SDLManager.h">
      <Filter>Core</Filter>
    </ClInclude>
    <ClInclude Include="Source\Core\Window.h">
      <Filter>Core</Filter>
    </ClInclude>
    <ClInclude Include="Source\Limitless.h" />
    <ClInclude Include="Source\Renderer\RenderAPI.h">
      <Filter>Renderer</Filter>
    </ClInclude>
    <ClInclude Include="Source\Renderer\RenderCommand.h">
      <Filter>Renderer</Filter>
    </ClInclude>
    <ClInclude Include="Source\Renderer\SDLRenderAPI.h">
      <Filter>Renderer</Filter>
    </ClInclude>
    <ClInclude Include="Source\lmpch.h" />
  </ItemGroup>
  <ItemGroup>
    <ClCompile Include="Source\Core\Application.cpp">
      <Filter>Core</Filter>
    </ClCompile>
    <ClCompile Include="Source\Core\Log.cpp">
      <Filter>Core</Filter>
    </ClCompile>
    <ClCompile Include="Source\Core\SDLManager.cpp">
      <Filter>Core</Filter>
    </ClCompile>
    <ClCompile Include="Source\Core\Window.cpp">
      <Filter>Core</Filter>
    </ClCompile>
    <ClCompile Include="Source\Renderer\SDLRenderAPI.cpp">
      <Filter>Renderer</Filter>
    </ClCompile>
    <ClCompile Include="Source\lmpch.cpp" />
  </ItemGroup>
</Project>